<?xml version="1.0" encoding="utf-8"?>
<Project ToolsVersion="4.0" xmlns="http://schemas.microsoft.com/developer/msbuild/2003">
  <ItemGroup>
    <Filter Include="General">
      <UniqueIdentifier>{4FC737F1-C7A5-4376-A066-2A32D752A2FF}</UniqueIdentifier>
      <Extensions>cpp;c;cc;cxx;def;odl;idl;hpj;bat;asm;asmx</Extensions>
    </Filter>
    <Filter Include="Data">
      <UniqueIdentifier>{708d39a6-5742-4990-868d-6e953e4ef68b}</UniqueIdentifier>
    </Filter>
    <Filter Include="General\Hardcode">
      <UniqueIdentifier>{485c5424-7231-4004-aacf-b1448ce87437}</UniqueIdentifier>
    </Filter>
  </ItemGroup>
  <ItemGroup>
    <ClCompile Include="Main_Windows.cpp">
      <Filter>General</Filter>
    </ClCompile>
    <ClCompile Include="App.cpp">
      <Filter>General</Filter>
    </ClCompile>
    <ClCompile Include="GameCommon.cpp">
      <Filter>General</Filter>
    </ClCompile>
    <ClCompile Include="Game.cpp">
      <Filter>General</Filter>
    </ClCompile>
    <ClCompile Include="Entity.cpp">
      <Filter>General</Filter>
    </ClCompile>
    <ClCompile Include="Actor.cpp">
      <Filter>General</Filter>
    </ClCompile>
    <ClCompile Include="Object.cpp">
      <Filter>General</Filter>
    </ClCompile>
    <ClCompile Include="Action.cpp">
      <Filter>General</Filter>
    </ClCompile>
    <ClCompile Include="Attitude.cpp">
      <Filter>General\Hardcode</Filter>
    </ClCompile>
    <ClCompile Include="AttitudeRelation.cpp">
      <Filter>General\Hardcode</Filter>
    </ClCompile>
    <ClCompile Include="Emotion.cpp">
      <Filter>General\Hardcode</Filter>
    </ClCompile>
    <ClCompile Include="EmotionalState.cpp">
      <Filter>General\Hardcode</Filter>
    </ClCompile>
    <ClCompile Include="Personality.cpp">
      <Filter>General\Hardcode</Filter>
    </ClCompile>
    <ClCompile Include="Praise.cpp">
      <Filter>General\Hardcode</Filter>
    </ClCompile>
    <ClCompile Include="PraiseRelation.cpp">
      <Filter>General\Hardcode</Filter>
    </ClCompile>
    <ClCompile Include="SocialRelation.cpp">
      <Filter>General\Hardcode</Filter>
    </ClCompile>
    <ClCompile Include="SocialRole.cpp">
      <Filter>General\Hardcode</Filter>
    </ClCompile>
  </ItemGroup>
  <ItemGroup>
    <ClInclude Include="App.hpp">
      <Filter>General</Filter>
    </ClInclude>
    <ClInclude Include="GameCommon.hpp">
      <Filter>General</Filter>
    </ClInclude>
    <ClInclude Include="Game.hpp">
      <Filter>General</Filter>
    </ClInclude>
    <ClInclude Include="Entity.hpp">
      <Filter>General</Filter>
    </ClInclude>
    <ClInclude Include="EngineBuildPreferences.hpp">
      <Filter>General</Filter>
    </ClInclude>
    <ClInclude Include="Actor.hpp">
      <Filter>General</Filter>
    </ClInclude>
    <ClInclude Include="Object.hpp">
      <Filter>General</Filter>
    </ClInclude>
    <ClInclude Include="Action.hpp">
      <Filter>General</Filter>
    </ClInclude>
    <ClInclude Include="Attitude.hpp">
      <Filter>General\Hardcode</Filter>
    </ClInclude>
    <ClInclude Include="AttitudeRelation.hpp">
      <Filter>General\Hardcode</Filter>
    </ClInclude>
    <ClInclude Include="Emotion.hpp">
      <Filter>General\Hardcode</Filter>
    </ClInclude>
    <ClInclude Include="EmotionalState.hpp">
      <Filter>General\Hardcode</Filter>
    </ClInclude>
    <ClInclude Include="Personality.hpp">
      <Filter>General\Hardcode</Filter>
    </ClInclude>
    <ClInclude Include="Praise.hpp">
      <Filter>General\Hardcode</Filter>
    </ClInclude>
    <ClInclude Include="PraiseRelation.hpp">
      <Filter>General\Hardcode</Filter>
    </ClInclude>
    <ClInclude Include="SocialRelation.hpp">
      <Filter>General\Hardcode</Filter>
    </ClInclude>
    <ClInclude Include="SocialRole.hpp">
      <Filter>General\Hardcode</Filter>
    </ClInclude>
  </ItemGroup>
  <ItemGroup>
    <Xml Include="..\..\Run\Data\GameConfig.xml">
      <Filter>Data</Filter>
    </Xml>
  </ItemGroup>
  <ItemGroup>
    <FxCompile Include="..\..\Run\Data\HLSL\ubo.hlsl">
      <Filter>Data</Filter>
    </FxCompile>
    <FxCompile Include="..\..\Run\Data\HLSL\vbo.hlsl">
      <Filter>Data</Filter>
    </FxCompile>
  </ItemGroup>
  <ItemGroup>
    <None Include="ClassDiagram.cd" />
  </ItemGroup>
</Project>